# This file is automatically @generated by Cargo.
# It is not intended for manual editing.
version = 3

[[package]]
name = "compoundtype"
version = "0.1.0"

[[package]]
name = "designpatterns"
version = "0.1.0"

[[package]]
name = "fearlessconcurrency"
version = "0.1.0"

[[package]]
name = "ownership"
version = "0.1.0"

[[package]]
name = "patternmatching"
version = "0.1.0"

[[package]]
name = "smartpointer"
version = "0.1.0"

[[package]]
name = "traitgeneric"
version = "0.1.0"

[[package]]
name = "variables"
version = "0.1.0"
